
Microsoft Visual Studio Solution File, Format Version 12.00
# Visual Studio 14
VisualStudioVersion = 14.0.25420.1
MinimumVisualStudioVersion = 10.0.40219.1
Project("{FAE04EC0-301F-11D3-BF4B-00C04F79EFBC}") = "Largesky.Excel", "Largesky.Excel\Largesky.Excel.csproj", "{14E23307-1390-4D7A-B622-A58A2AF7D317}"
EndProject
Project("{FAE04EC0-301F-11D3-BF4B-00C04F79EFBC}") = "Largesky.ExcelApp", "Largesky.ExcelApp\Largesky.ExcelApp.csproj", "{0D8E429D-AA11-486C-AC77-92D3FABCCABF}"
EndProject
Global
	GlobalSection(SolutionConfigurationPlatforms) = preSolution
		Debug|Any CPU = Debug|Any CPU
		Release|Any CPU = Release|Any CPU
	EndGlobalSection
	GlobalSection(ProjectConfigurationPlatforms) = postSolution
		{14E23307-1390-4D7A-B622-A58A2AF7D317}.Debug|Any CPU.ActiveCfg = Debug|Any CPU
		{14E23307-1390-4D7A-B622-A58A2AF7D317}.Debug|Any CPU.Build.0 = Debug|Any CPU
		{14E23307-1390-4D7A-B622-A58A2AF7D317}.Release|Any CPU.ActiveCfg = Release|Any CPU
		{14E23307-1390-4D7A-B622-A58A2AF7D317}.Release|Any CPU.Build.0 = Release|Any CPU
		{0D8E429D-AA11-486C-AC77-92D3FABCCABF}.Debug|Any CPU.ActiveCfg = Debug|Any CPU
		{0D8E429D-AA11-486C-AC77-92D3FABCCABF}.Debug|Any CPU.Build.0 = Debug|Any CPU
		{0D8E429D-AA11-486C-AC77-92D3FABCCABF}.Release|Any CPU.ActiveCfg = Release|Any CPU
		{0D8E429D-AA11-486C-AC77-92D3FABCCABF}.Release|Any CPU.Build.0 = Release|Any CPU
	EndGlobalSection
	GlobalSection(SolutionProperties) = preSolution
		HideSolutionNode = FALSE
	EndGlobalSection
EndGlobal
